
Microsoft Visual Studio Solution File, Format Version 11.00
# Visual Studio 2010
Project("{FAE04EC0-301F-11D3-BF4B-00C04F79EFBC}") = "KesKes", "Assembly-CSharp.csproj", "{11AD469F-216D-9E34-CF71-9F292686C8CF}"
EndProject
Global
	GlobalSection(SolutionConfigurationPlatforms) = preSolution
		Debug|Any CPU = Debug|Any CPU
		Release|Any CPU = Release|Any CPU
	EndGlobalSection
	GlobalSection(ProjectConfigurationPlatforms) = postSolution
		{11AD469F-216D-9E34-CF71-9F292686C8CF}.Debug|Any CPU.ActiveCfg = Debug|Any CPU
		{11AD469F-216D-9E34-CF71-9F292686C8CF}.Debug|Any CPU.Build.0 = Debug|Any CPU
		{11AD469F-216D-9E34-CF71-9F292686C8CF}.Release|Any CPU.ActiveCfg = Release|Any CPU
		{11AD469F-216D-9E34-CF71-9F292686C8CF}.Release|Any CPU.Build.0 = Release|Any CPU
	EndGlobalSection
	GlobalSection(SolutionProperties) = preSolution
		HideSolutionNode = FALSE
	EndGlobalSection
	GlobalSection(MonoDevelopProperties) = preSolution
		StartupItem = Assembly-CSharp.csproj
	EndGlobalSection
EndGlobal
